// !$*UTF8*$!
{
	archiveVersion = 1;
	classes = {
	};
	objectVersion = 46;
	objects = {

/* Begin PBXBuildFile section */
		240D64DC1C1094D8009FBBFC /* AppDelegate.swift in Sources */ = {isa = PBXBuildFile; fileRef = 240D64DB1C1094D8009FBBFC /* AppDelegate.swift */; };
		240D64DE1C1094D8009FBBFC /* LinyViewController.swift in Sources */ = {isa = PBXBuildFile; fileRef = 240D64DD1C1094D8009FBBFC /* LinyViewController.swift */; };
		240D64E11C1094D8009FBBFC /* Main.storyboard in Resources */ = {isa = PBXBuildFile; fileRef = 240D64DF1C1094D8009FBBFC /* Main.storyboard */; };
		240D64E31C1094D8009FBBFC /* Assets.xcassets in Resources */ = {isa = PBXBuildFile; fileRef = 240D64E21C1094D8009FBBFC /* Assets.xcassets */; };
		240D64E61C1094D8009FBBFC /* LaunchScreen.storyboard in Resources */ = {isa = PBXBuildFile; fileRef = 240D64E41C1094D8009FBBFC /* LaunchScreen.storyboard */; };
		240D64EE1C109770009FBBFC /* Cross.swift in Sources */ = {isa = PBXBuildFile; fileRef = 240D64ED1C109770009FBBFC /* Cross.swift */; };
		240D64F01C10CF4B009FBBFC /* BezierPathsView.swift in Sources */ = {isa = PBXBuildFile; fileRef = 240D64EF1C10CF4B009FBBFC /* BezierPathsView.swift */; };
		FE0214491C6B75F9005FCBEF /* TracyViewController.swift in Sources */ = {isa = PBXBuildFile; fileRef = FE0214481C6B75F9005FCBEF /* TracyViewController.swift */; };
		FE02144B1C6CA8AB005FCBEF /* EphyViewController.swift in Sources */ = {isa = PBXBuildFile; fileRef = FE02144A1C6CA8AB005FCBEF /* EphyViewController.swift */; };
		FE27E4B11C2C65A200000E6A /* ExperimentsBrowser.swift in Sources */ = {isa = PBXBuildFile; fileRef = FE27E4B01C2C65A200000E6A /* ExperimentsBrowser.swift */; };
		FE27E4B31C2C65D500000E6A /* Experiement.swift in Sources */ = {isa = PBXBuildFile; fileRef = FE27E4B21C2C65D500000E6A /* Experiement.swift */; };
		FE27E4B61C2C70EA00000E6A /* ExperimentCell.swift in Sources */ = {isa = PBXBuildFile; fileRef = FE27E4B51C2C70EA00000E6A /* ExperimentCell.swift */; };
		FE27E4B81C2D5E2500000E6A /* ExperimentCollectionSectionHeaderView.swift in Sources */ = {isa = PBXBuildFile; fileRef = FE27E4B71C2D5E2500000E6A /* ExperimentCollectionSectionHeaderView.swift */; };
		FE27E4BA1C2D614B00000E6A /* ExperimentCollectionSectionFooterView.swift in Sources */ = {isa = PBXBuildFile; fileRef = FE27E4B91C2D614B00000E6A /* ExperimentCollectionSectionFooterView.swift */; };
		FE3659C81C5F1D860092E4E5 /* RandomyViewController.swift in Sources */ = {isa = PBXBuildFile; fileRef = FE3659C71C5F1D860092E4E5 /* RandomyViewController.swift */; };
		FE3659CC1C5F1F5C0092E4E5 /* Triangle.swift in Sources */ = {isa = PBXBuildFile; fileRef = FE3659CB1C5F1F5C0092E4E5 /* Triangle.swift */; };
		FEC09A401C1B1BC700318AFE /* CubyViewController.swift in Sources */ = {isa = PBXBuildFile; fileRef = FEC09A3F1C1B1BC700318AFE /* CubyViewController.swift */; };
		FEC09A421C1B1C9100318AFE /* Box.swift in Sources */ = {isa = PBXBuildFile; fileRef = FEC09A411C1B1C9100318AFE /* Box.swift */; };
/* End PBXBuildFile section */

/* Begin PBXFileReference section */
		240D64D81C1094D8009FBBFC /* Cool.app */ = {isa = PBXFileReference; explicitFileType = wrapper.application; includeInIndex = 0; path = Cool.app; sourceTree = BUILT_PRODUCTS_DIR; };
		240D64DB1C1094D8009FBBFC /* AppDelegate.swift */ = {isa = PBXFileReference; lastKnownFileType = sourcecode.swift; path = AppDelegate.swift; sourceTree = "<group>"; };
		240D64DD1C1094D8009FBBFC /* LinyViewController.swift */ = {isa = PBXFileReference; lastKnownFileType = sourcecode.swift; path = LinyViewController.swift; sourceTree = "<group>"; };
		240D64E01C1094D8009FBBFC /* Base */ = {isa = PBXFileReference; lastKnownFileType = file.storyboard; name = Base; path = Base.lproj/Main.storyboard; sourceTree = "<group>"; };
		240D64E21C1094D8009FBBFC /* Assets.xcassets */ = {isa = PBXFileReference; lastKnownFileType = folder.assetcatalog; path = Assets.xcassets; sourceTree = "<group>"; };
		240D64E51C1094D8009FBBFC /* Base */ = {isa = PBXFileReference; lastKnownFileType = file.storyboard; name = Base; path = Base.lproj/LaunchScreen.storyboard; sourceTree = "<group>"; };
		240D64E71C1094D8009FBBFC /* Info.plist */ = {isa = PBXFileReference; lastKnownFileType = text.plist.xml; path = Info.plist; sourceTree = "<group>"; };
		240D64ED1C109770009FBBFC /* Cross.swift */ = {isa = PBXFileReference; fileEncoding = 4; lastKnownFileType = sourcecode.swift; path = Cross.swift; sourceTree = "<group>"; };
		240D64EF1C10CF4B009FBBFC /* BezierPathsView.swift */ = {isa = PBXFileReference; fileEncoding = 4; lastKnownFileType = sourcecode.swift; path = BezierPathsView.swift; sourceTree = "<group>"; };
		FE0214481C6B75F9005FCBEF /* TracyViewController.swift */ = {isa = PBXFileReference; fileEncoding = 4; lastKnownFileType = sourcecode.swift; path = TracyViewController.swift; sourceTree = "<group>"; };
		FE02144A1C6CA8AB005FCBEF /* EphyViewController.swift */ = {isa = PBXFileReference; fileEncoding = 4; lastKnownFileType = sourcecode.swift; path = EphyViewController.swift; sourceTree = "<group>"; };
		FE27E4B01C2C65A200000E6A /* ExperimentsBrowser.swift */ = {isa = PBXFileReference; fileEncoding = 4; lastKnownFileType = sourcecode.swift; path = ExperimentsBrowser.swift; sourceTree = "<group>"; };
		FE27E4B21C2C65D500000E6A /* Experiement.swift */ = {isa = PBXFileReference; fileEncoding = 4; lastKnownFileType = sourcecode.swift; path = Experiement.swift; sourceTree = "<group>"; };
		FE27E4B51C2C70EA00000E6A /* ExperimentCell.swift */ = {isa = PBXFileReference; fileEncoding = 4; lastKnownFileType = sourcecode.swift; path = ExperimentCell.swift; sourceTree = "<group>"; };
		FE27E4B71C2D5E2500000E6A /* ExperimentCollectionSectionHeaderView.swift */ = {isa = PBXFileReference; fileEncoding = 4; lastKnownFileType = sourcecode.swift; path = ExperimentCollectionSectionHeaderView.swift; sourceTree = "<group>"; };
		FE27E4B91C2D614B00000E6A /* ExperimentCollectionSectionFooterView.swift */ = {isa = PBXFileReference; fileEncoding = 4; lastKnownFileType = sourcecode.swift; path = ExperimentCollectionSectionFooterView.swift; sourceTree = "<group>"; };
		FE3659C71C5F1D860092E4E5 /* RandomyViewController.swift */ = {isa = PBXFileReference; fileEncoding = 4; lastKnownFileType = sourcecode.swift; path = RandomyViewController.swift; sourceTree = "<group>"; };
		FE3659CB1C5F1F5C0092E4E5 /* Triangle.swift */ = {isa = PBXFileReference; fileEncoding = 4; lastKnownFileType = sourcecode.swift; path = Triangle.swift; sourceTree = "<group>"; };
		FEC09A3F1C1B1BC700318AFE /* CubyViewController.swift */ = {isa = PBXFileReference; fileEncoding = 4; lastKnownFileType = sourcecode.swift; path = CubyViewController.swift; sourceTree = "<group>"; };
		FEC09A411C1B1C9100318AFE /* Box.swift */ = {isa = PBXFileReference; fileEncoding = 4; lastKnownFileType = sourcecode.swift; path = Box.swift; sourceTree = "<group>"; };
/* End PBXFileReference section */

/* Begin PBXFrameworksBuildPhase section */
		240D64D51C1094D8009FBBFC /* Frameworks */ = {
			isa = PBXFrameworksBuildPhase;
			buildActionMask = 2147483647;
			files = (
			);
			runOnlyForDeploymentPostprocessing = 0;
		};
/* End PBXFrameworksBuildPhase section */

/* Begin PBXGroup section */
		240D64CF1C1094D8009FBBFC = {
			isa = PBXGroup;
			children = (
				240D64DA1C1094D8009FBBFC /* Cool */,
				240D64D91C1094D8009FBBFC /* Products */,
			);
			sourceTree = "<group>";
		};
		240D64D91C1094D8009FBBFC /* Products */ = {
			isa = PBXGroup;
			children = (
				240D64D81C1094D8009FBBFC /* Cool.app */,
			);
			name = Products;
			sourceTree = "<group>";
		};
		240D64DA1C1094D8009FBBFC /* Cool */ = {
			isa = PBXGroup;
			children = (
				FE3659C91C5F1F100092E4E5 /* Shapes */,
				FE27E4B41C2C68B600000E6A /* Models */,
				FE27E4AF1C2C647D00000E6A /* Experiments */,
				FE27E4AE1C2C646D00000E6A /* Selector */,
				240D64DB1C1094D8009FBBFC /* AppDelegate.swift */,
				240D64EF1C10CF4B009FBBFC /* BezierPathsView.swift */,
				240D64DF1C1094D8009FBBFC /* Main.storyboard */,
				240D64E21C1094D8009FBBFC /* Assets.xcassets */,
				240D64E41C1094D8009FBBFC /* LaunchScreen.storyboard */,
				240D64E71C1094D8009FBBFC /* Info.plist */,
			);
			path = Cool;
			sourceTree = "<group>";
		};
		FE27E4AE1C2C646D00000E6A /* Selector */ = {
			isa = PBXGroup;
			children = (
				FE27E4B51C2C70EA00000E6A /* ExperimentCell.swift */,
				FE27E4B01C2C65A200000E6A /* ExperimentsBrowser.swift */,
				FE27E4B71C2D5E2500000E6A /* ExperimentCollectionSectionHeaderView.swift */,
				FE27E4B91C2D614B00000E6A /* ExperimentCollectionSectionFooterView.swift */,
			);
			name = Selector;
			sourceTree = "<group>";
		};
		FE27E4AF1C2C647D00000E6A /* Experiments */ = {
			isa = PBXGroup;
			children = (
				240D64DD1C1094D8009FBBFC /* LinyViewController.swift */,
				FE0214481C6B75F9005FCBEF /* TracyViewController.swift */,
				FE02144A1C6CA8AB005FCBEF /* EphyViewController.swift */,
				FE3659C71C5F1D860092E4E5 /* RandomyViewController.swift */,
				FEC09A3F1C1B1BC700318AFE /* CubyViewController.swift */,
			);
			name = Experiments;
			sourceTree = "<group>";
		};
		FE27E4B41C2C68B600000E6A /* Models */ = {
			isa = PBXGroup;
			children = (
				FE27E4B21C2C65D500000E6A /* Experiement.swift */,
			);
			name = Models;
			sourceTree = "<group>";
		};
		FE3659C91C5F1F100092E4E5 /* Shapes */ = {
			isa = PBXGroup;
			children = (
				240D64ED1C109770009FBBFC /* Cross.swift */,
				FE3659CB1C5F1F5C0092E4E5 /* Triangle.swift */,
				FEC09A411C1B1C9100318AFE /* Box.swift */,
			);
			name = Shapes;
			sourceTree = "<group>";
		};
/* End PBXGroup section */

/* Begin PBXNativeTarget section */
		240D64D71C1094D8009FBBFC /* Cool */ = {
			isa = PBXNativeTarget;
			buildConfigurationList = 240D64EA1C1094D8009FBBFC /* Build configuration list for PBXNativeTarget "Cool" */;
			buildPhases = (
				240D64D41C1094D8009FBBFC /* Sources */,
				240D64D51C1094D8009FBBFC /* Frameworks */,
				240D64D61C1094D8009FBBFC /* Resources */,
			);
			buildRules = (
			);
			dependencies = (
			);
			name = Cool;
			productName = Cool;
			productReference = 240D64D81C1094D8009FBBFC /* Cool.app */;
			productType = "com.apple.product-type.application";
		};
/* End PBXNativeTarget section */

/* Begin PBXProject section */
		240D64D01C1094D8009FBBFC /* Project object */ = {
			isa = PBXProject;
			attributes = {
				LastSwiftUpdateCheck = 0710;
				LastUpgradeCheck = 0710;
				ORGANIZATIONNAME = "Steeve is working";
				TargetAttributes = {
					240D64D71C1094D8009FBBFC = {
						CreatedOnToolsVersion = 7.1.1;
						DevelopmentTeam = 6E7W2NKPCW;
					};
				};
			};
			buildConfigurationList = 240D64D31C1094D8009FBBFC /* Build configuration list for PBXProject "Cool" */;
			compatibilityVersion = "Xcode 3.2";
			developmentRegion = English;
			hasScannedForEncodings = 0;
			knownRegions = (
				en,
				Base,
			);
			mainGroup = 240D64CF1C1094D8009FBBFC;
			productRefGroup = 240D64D91C1094D8009FBBFC /* Products */;
			projectDirPath = "";
			projectRoot = "";
			targets = (
				240D64D71C1094D8009FBBFC /* Cool */,
			);
		};
/* End PBXProject section */

/* Begin PBXResourcesBuildPhase section */
		240D64D61C1094D8009FBBFC /* Resources */ = {
			isa = PBXResourcesBuildPhase;
			buildActionMask = 2147483647;
			files = (
				240D64E61C1094D8009FBBFC /* LaunchScreen.storyboard in Resources */,
				240D64E31C1094D8009FBBFC /* Assets.xcassets in Resources */,
				240D64E11C1094D8009FBBFC /* Main.storyboard in Resources */,
			);
			runOnlyForDeploymentPostprocessing = 0;
		};
/* End PBXResourcesBuildPhase section */

/* Begin PBXSourcesBuildPhase section */
		240D64D41C1094D8009FBBFC /* Sources */ = {
			isa = PBXSourcesBuildPhase;
			buildActionMask = 2147483647;
			files = (
				FE02144B1C6CA8AB005FCBEF /* EphyViewController.swift in Sources */,
				FE27E4B81C2D5E2500000E6A /* ExperimentCollectionSectionHeaderView.swift in Sources */,
				FE3659CC1C5F1F5C0092E4E5 /* Triangle.swift in Sources */,
				FE0214491C6B75F9005FCBEF /* TracyViewController.swift in Sources */,
				240D64F01C10CF4B009FBBFC /* BezierPathsView.swift in Sources */,
				FEC09A401C1B1BC700318AFE /* CubyViewController.swift in Sources */,
				FE3659C81C5F1D860092E4E5 /* RandomyViewController.swift in Sources */,
				FE27E4B61C2C70EA00000E6A /* ExperimentCell.swift in Sources */,
				FE27E4B31C2C65D500000E6A /* Experiement.swift in Sources */,
				240D64DE1C1094D8009FBBFC /* LinyViewController.swift in Sources */,
				FEC09A421C1B1C9100318AFE /* Box.swift in Sources */,
				FE27E4BA1C2D614B00000E6A /* ExperimentCollectionSectionFooterView.swift in Sources */,
				240D64EE1C109770009FBBFC /* Cross.swift in Sources */,
				FE27E4B11C2C65A200000E6A /* ExperimentsBrowser.swift in Sources */,
				240D64DC1C1094D8009FBBFC /* AppDelegate.swift in Sources */,
			);
			runOnlyForDeploymentPostprocessing = 0;
		};
/* End PBXSourcesBuildPhase section */

/* Begin PBXVariantGroup section */
		240D64DF1C1094D8009FBBFC /* Main.storyboard */ = {
			isa = PBXVariantGroup;
			children = (
				240D64E01C1094D8009FBBFC /* Base */,
			);
			name = Main.storyboard;
			sourceTree = "<group>";
		};
		240D64E41C1094D8009FBBFC /* LaunchScreen.storyboard */ = {
			isa = PBXVariantGroup;
			children = (
				240D64E51C1094D8009FBBFC /* Base */,
			);
			name = LaunchScreen.storyboard;
			sourceTree = "<group>";
		};
/* End PBXVariantGroup section */

/* Begin XCBuildConfiguration section */
		240D64E81C1094D8009FBBFC /* Debug */ = {
			isa = XCBuildConfiguration;
			buildSettings = {
				ALWAYS_SEARCH_USER_PATHS = NO;
				CLANG_CXX_LANGUAGE_STANDARD = "gnu++0x";
				CLANG_CXX_LIBRARY = "libc++";
				CLANG_ENABLE_MODULES = YES;
				CLANG_ENABLE_OBJC_ARC = YES;
				CLANG_WARN_BOOL_CONVERSION = YES;
				CLANG_WARN_CONSTANT_CONVERSION = YES;
				CLANG_WARN_DIRECT_OBJC_ISA_USAGE = YES_ERROR;
				CLANG_WARN_EMPTY_BODY = YES;
				CLANG_WARN_ENUM_CONVERSION = YES;
				CLANG_WARN_INT_CONVERSION = YES;
				CLANG_WARN_OBJC_ROOT_CLASS = YES_ERROR;
				CLANG_WARN_UNREACHABLE_CODE = YES;
				CLANG_WARN__DUPLICATE_METHOD_MATCH = YES;
				"CODE_SIGN_IDENTITY[sdk=iphoneos*]" = "iPhone Developer";
				COPY_PHASE_STRIP = NO;
				DEBUG_INFORMATION_FORMAT = dwarf;
				ENABLE_STRICT_OBJC_MSGSEND = YES;
				ENABLE_TESTABILITY = YES;
				GCC_C_LANGUAGE_STANDARD = gnu99;
				GCC_DYNAMIC_NO_PIC = NO;
				GCC_NO_COMMON_BLOCKS = YES;
				GCC_OPTIMIZATION_LEVEL = 0;
				GCC_PREPROCESSOR_DEFINITIONS = (
					"DEBUG=1",
					"$(inherited)",
				);
				GCC_WARN_64_TO_32_BIT_CONVERSION = YES;
				GCC_WARN_ABOUT_RETURN_TYPE = YES_ERROR;
				GCC_WARN_UNDECLARED_SELECTOR = YES;
				GCC_WARN_UNINITIALIZED_AUTOS = YES_AGGRESSIVE;
				GCC_WARN_UNUSED_FUNCTION = YES;
				GCC_WARN_UNUSED_VARIABLE = YES;
				IPHONEOS_DEPLOYMENT_TARGET = 9.1;
				MTL_ENABLE_DEBUG_INFO = YES;
				ONLY_ACTIVE_ARCH = YES;
				SDKROOT = iphoneos;
				SWIFT_OPTIMIZATION_LEVEL = "-Onone";
				TARGETED_DEVICE_FAMILY = "1,2";
			};
			name = Debug;
		};
		240D64E91C1094D8009FBBFC /* Release */ = {
			isa = XCBuildConfiguration;
			buildSettings = {
				ALWAYS_SEARCH_USER_PATHS = NO;
				CLANG_CXX_LANGUAGE_STANDARD = "gnu++0x";
				CLANG_CXX_LIBRARY = "libc++";
				CLANG_ENABLE_MODULES = YES;
				CLANG_ENABLE_OBJC_ARC = YES;
				CLANG_WARN_BOOL_CONVERSION = YES;
				CLANG_WARN_CONSTANT_CONVERSION = YES;
				CLANG_WARN_DIRECT_OBJC_ISA_USAGE = YES_ERROR;
				CLANG_WARN_EMPTY_BODY = YES;
				CLANG_WARN_ENUM_CONVERSION = YES;
				CLANG_WARN_INT_CONVERSION = YES;
				CLANG_WARN_OBJC_ROOT_CLASS = YES_ERROR;
				CLANG_WARN_UNREACHABLE_CODE = YES;
				CLANG_WARN__DUPLICATE_METHOD_MATCH = YES;
				"CODE_SIGN_IDENTITY[sdk=iphoneos*]" = "iPhone Developer";
				COPY_PHASE_STRIP = NO;
				DEBUG_INFORMATION_FORMAT = "dwarf-with-dsym";
				ENABLE_NS_ASSERTIONS = NO;
				ENABLE_STRICT_OBJC_MSGSEND = YES;
				GCC_C_LANGUAGE_STANDARD = gnu99;
				GCC_NO_COMMON_BLOCKS = YES;
				GCC_WARN_64_TO_32_BIT_CONVERSION = YES;
				GCC_WARN_ABOUT_RETURN_TYPE = YES_ERROR;
				GCC_WARN_UNDECLARED_SELECTOR = YES;
				GCC_WARN_UNINITIALIZED_AUTOS = YES_AGGRESSIVE;
				GCC_WARN_UNUSED_FUNCTION = YES;
				GCC_WARN_UNUSED_VARIABLE = YES;
				IPHONEOS_DEPLOYMENT_TARGET = 9.1;
				MTL_ENABLE_DEBUG_INFO = NO;
				SDKROOT = iphoneos;
				TARGETED_DEVICE_FAMILY = "1,2";
				VALIDATE_PRODUCT = YES;
			};
			name = Release;
		};
		240D64EB1C1094D8009FBBFC /* Debug */ = {
			isa = XCBuildConfiguration;
			buildSettings = {
				ASSETCATALOG_COMPILER_APPICON_NAME = AppIcon;
				INFOPLIST_FILE = Cool/Info.plist;
				IPHONEOS_DEPLOYMENT_TARGET = 9.0;
				LD_RUNPATH_SEARCH_PATHS = "$(inherited) @executable_path/Frameworks";
				PRODUCT_BUNDLE_IDENTIFIER = steeveisworking.Cool;
				PRODUCT_NAME = "$(TARGET_NAME)";
			};
			name = Debug;
		};
		240D64EC1C1094D8009FBBFC /* Release */ = {
			isa = XCBuildConfiguration;
			buildSettings = {
				ASSETCATALOG_COMPILER_APPICON_NAME = AppIcon;
				INFOPLIST_FILE = Cool/Info.plist;
				IPHONEOS_DEPLOYMENT_TARGET = 9.0;
				LD_RUNPATH_SEARCH_PATHS = "$(inherited) @executable_path/Frameworks";
				PRODUCT_BUNDLE_IDENTIFIER = steeveisworking.Cool;
				PRODUCT_NAME = "$(TARGET_NAME)";
			};
			name = Release;
		};
/* End XCBuildConfiguration section */

/* Begin XCConfigurationList section */
		240D64D31C1094D8009FBBFC /* Build configuration list for PBXProject "Cool" */ = {
			isa = XCConfigurationList;
			buildConfigurations = (
				240D64E81C1094D8009FBBFC /* Debug */,
				240D64E91C1094D8009FBBFC /* Release */,
			);
			defaultConfigurationIsVisible = 0;
			defaultConfigurationName = Release;
		};
		240D64EA1C1094D8009FBBFC /* Build configuration list for PBXNativeTarget "Cool" */ = {
			isa = XCConfigurationList;
			buildConfigurations = (
				240D64EB1C1094D8009FBBFC /* Debug */,
				240D64EC1C1094D8009FBBFC /* Release */,
			);
			defaultConfigurationIsVisible = 0;
			defaultConfigurationName = Release;
		};
/* End XCConfigurationList section */
	};
	rootObject = 240D64D01C1094D8009FBBFC /* Project object */;
}
